
Microsoft Visual Studio Solution File, Format Version 12.00
# Visual Studio 14
VisualStudioVersion = 14.0.25420.1
MinimumVisualStudioVersion = 10.0.40219.1
Project("{FAE04EC0-301F-11D3-BF4B-00C04F79EFBC}") = "WebApplication1", "WebApplication1\WebApplication1.csproj", "{305D7BB2-DBB9-4871-92E9-BF4250DE3724}"
EndProject
Project("{FAE04EC0-301F-11D3-BF4B-00C04F79EFBC}") = "DAL", "DAL\DAL.csproj", "{1C7675DC-CF69-41AF-BBCD-168BF73794B8}"
EndProject
Project("{FAE04EC0-301F-11D3-BF4B-00C04F79EFBC}") = "BusinessLayer", "BusinessLayer\BusinessLayer.csproj", "{856AB667-CCA4-4BB2-9019-1AC756D9327D}"
EndProject
Global
	GlobalSection(SolutionConfigurationPlatforms) = preSolution
		Debug|Any CPU = Debug|Any CPU
		Release|Any CPU = Release|Any CPU
	EndGlobalSection
	GlobalSection(ProjectConfigurationPlatforms) = postSolution
		{305D7BB2-DBB9-4871-92E9-BF4250DE3724}.Debug|Any CPU.ActiveCfg = Debug|Any CPU
		{305D7BB2-DBB9-4871-92E9-BF4250DE3724}.Debug|Any CPU.Build.0 = Debug|Any CPU
		{305D7BB2-DBB9-4871-92E9-BF4250DE3724}.Release|Any CPU.ActiveCfg = Release|Any CPU
		{305D7BB2-DBB9-4871-92E9-BF4250DE3724}.Release|Any CPU.Build.0 = Release|Any CPU
		{1C7675DC-CF69-41AF-BBCD-168BF73794B8}.Debug|Any CPU.ActiveCfg = Debug|Any CPU
		{1C7675DC-CF69-41AF-BBCD-168BF73794B8}.Debug|Any CPU.Build.0 = Debug|Any CPU
		{1C7675DC-CF69-41AF-BBCD-168BF73794B8}.Release|Any CPU.ActiveCfg = Release|Any CPU
		{1C7675DC-CF69-41AF-BBCD-168BF73794B8}.Release|Any CPU.Build.0 = Release|Any CPU
		{856AB667-CCA4-4BB2-9019-1AC756D9327D}.Debug|Any CPU.ActiveCfg = Debug|Any CPU
		{856AB667-CCA4-4BB2-9019-1AC756D9327D}.Debug|Any CPU.Build.0 = Debug|Any CPU
		{856AB667-CCA4-4BB2-9019-1AC756D9327D}.Release|Any CPU.ActiveCfg = Release|Any CPU
		{856AB667-CCA4-4BB2-9019-1AC756D9327D}.Release|Any CPU.Build.0 = Release|Any CPU
	EndGlobalSection
	GlobalSection(SolutionProperties) = preSolution
		HideSolutionNode = FALSE
	EndGlobalSection
EndGlobal
